
Microsoft Visual Studio Solution File, Format Version 12.00
# Visual Studio 15
VisualStudioVersion = 15.0.28307.1259
MinimumVisualStudioVersion = 10.0.40219.1
Project("{FAE04EC0-301F-11D3-BF4B-00C04F79EFBC}") = "Basic", "Basic\Basic.csproj", "{BD0B391B-BB92-402C-A112-C0132449560E}"
EndProject
Project("{FAE04EC0-301F-11D3-BF4B-00C04F79EFBC}") = "Shell", "Shell\Shell.csproj", "{7594DDF8-F063-4108-9A51-DEBAE37FDFFF}"
EndProject
Global
	GlobalSection(SolutionConfigurationPlatforms) = preSolution
		Debug|Any CPU = Debug|Any CPU
		Release|Any CPU = Release|Any CPU
	EndGlobalSection
	GlobalSection(ProjectConfigurationPlatforms) = postSolution
		{BD0B391B-BB92-402C-A112-C0132449560E}.Debug|Any CPU.ActiveCfg = Debug|Any CPU
		{BD0B391B-BB92-402C-A112-C0132449560E}.Debug|Any CPU.Build.0 = Debug|Any CPU
		{BD0B391B-BB92-402C-A112-C0132449560E}.Release|Any CPU.ActiveCfg = Release|Any CPU
		{BD0B391B-BB92-402C-A112-C0132449560E}.Release|Any CPU.Build.0 = Release|Any CPU
		{7594DDF8-F063-4108-9A51-DEBAE37FDFFF}.Debug|Any CPU.ActiveCfg = Debug|Any CPU
		{7594DDF8-F063-4108-9A51-DEBAE37FDFFF}.Debug|Any CPU.Build.0 = Debug|Any CPU
		{7594DDF8-F063-4108-9A51-DEBAE37FDFFF}.Release|Any CPU.ActiveCfg = Release|Any CPU
		{7594DDF8-F063-4108-9A51-DEBAE37FDFFF}.Release|Any CPU.Build.0 = Release|Any CPU
	EndGlobalSection
	GlobalSection(SolutionProperties) = preSolution
		HideSolutionNode = FALSE
	EndGlobalSection
	GlobalSection(ExtensibilityGlobals) = postSolution
		SolutionGuid = {18DEE3AD-F60F-4DE7-83A6-97FC2CFF914F}
	EndGlobalSection
EndGlobal
